
Microsoft Visual Studio Solution File, Format Version 12.00
# Visual Studio Version 17
VisualStudioVersion = 17.6.33723.286
MinimumVisualStudioVersion = 10.0.40219.1
Project("{FAE04EC0-301F-11D3-BF4B-00C04F79EFBC}") = "MiLoginSinai", "MiLoginSinai\MiLoginSinai.csproj", "{0AC48501-56CD-466E-883F-2D55A8E2AE38}"
EndProject
Global
	GlobalSection(SolutionConfigurationPlatforms) = preSolution
		Debug|Any CPU = Debug|Any CPU
		Release|Any CPU = Release|Any CPU
	EndGlobalSection
	GlobalSection(ProjectConfigurationPlatforms) = postSolution
		{0AC48501-56CD-466E-883F-2D55A8E2AE38}.Debug|Any CPU.ActiveCfg = Debug|Any CPU
		{0AC48501-56CD-466E-883F-2D55A8E2AE38}.Debug|Any CPU.Build.0 = Debug|Any CPU
		{0AC48501-56CD-466E-883F-2D55A8E2AE38}.Release|Any CPU.ActiveCfg = Release|Any CPU
		{0AC48501-56CD-466E-883F-2D55A8E2AE38}.Release|Any CPU.Build.0 = Release|Any CPU
	EndGlobalSection
	GlobalSection(SolutionProperties) = preSolution
		HideSolutionNode = FALSE
	EndGlobalSection
	GlobalSection(ExtensibilityGlobals) = postSolution
		SolutionGuid = {A08F4624-A46B-470D-9447-E45E9F94873A}
	EndGlobalSection
EndGlobal
